
Microsoft Visual Studio Solution File, Format Version 12.00
# Visual Studio Version 17
VisualStudioVersion = 17.14.36202.13 d17.14
MinimumVisualStudioVersion = 10.0.40219.1
Project("{FAE04EC0-301F-11D3-BF4B-00C04F79EFBC}") = "AIComplaintAgent", "AIComplaintAgent.csproj", "{4C675A80-0326-DCA4-3FEC-E0637E5E8F6D}"
EndProject
Global
	GlobalSection(SolutionConfigurationPlatforms) = preSolution
		Debug|Any CPU = Debug|Any CPU
		Release|Any CPU = Release|Any CPU
	EndGlobalSection
	GlobalSection(ProjectConfigurationPlatforms) = postSolution
		{4C675A80-0326-DCA4-3FEC-E0637E5E8F6D}.Debug|Any CPU.ActiveCfg = Debug|Any CPU
		{4C675A80-0326-DCA4-3FEC-E0637E5E8F6D}.Debug|Any CPU.Build.0 = Debug|Any CPU
		{4C675A80-0326-DCA4-3FEC-E0637E5E8F6D}.Release|Any CPU.ActiveCfg = Release|Any CPU
		{4C675A80-0326-DCA4-3FEC-E0637E5E8F6D}.Release|Any CPU.Build.0 = Release|Any CPU
	EndGlobalSection
	GlobalSection(SolutionProperties) = preSolution
		HideSolutionNode = FALSE
	EndGlobalSection
	GlobalSection(ExtensibilityGlobals) = postSolution
		SolutionGuid = {5BDD1AFB-68BA-426A-9347-A0E0CD5580BC}
	EndGlobalSection
EndGlobal
